
Microsoft Visual Studio Solution File, Format Version 12.00
# Visual Studio 15
Project("{FAE04EC0-301F-11D3-BF4B-00C04F79EFBC}") = "TutorialJuegos", "Assembly-CSharp.csproj", "{07A3260A-1CE0-436D-7801-0B9448D802BD}"
EndProject
Global
	GlobalSection(SolutionConfigurationPlatforms) = preSolution
		Debug|Any CPU = Debug|Any CPU
		Release|Any CPU = Release|Any CPU
	EndGlobalSection
	GlobalSection(ProjectConfigurationPlatforms) = postSolution
		{07A3260A-1CE0-436D-7801-0B9448D802BD}.Debug|Any CPU.ActiveCfg = Debug|Any CPU
		{07A3260A-1CE0-436D-7801-0B9448D802BD}.Debug|Any CPU.Build.0 = Debug|Any CPU
		{07A3260A-1CE0-436D-7801-0B9448D802BD}.Release|Any CPU.ActiveCfg = Release|Any CPU
		{07A3260A-1CE0-436D-7801-0B9448D802BD}.Release|Any CPU.Build.0 = Release|Any CPU
	EndGlobalSection
	GlobalSection(SolutionProperties) = preSolution
		HideSolutionNode = FALSE
	EndGlobalSection
EndGlobal
